
Microsoft Visual Studio Solution File, Format Version 12.00
# Visual Studio Version 16
VisualStudioVersion = 16.0.31702.278
MinimumVisualStudioVersion = 10.0.40219.1
Project("{9A19103F-16F7-4668-BE54-9A1E7A4F7556}") = "HotelListing", "HotelListing\HotelListing.csproj", "{22C0DB8B-51D1-4620-9E4A-04BF28852B31}"
EndProject
Project("{FAE04EC0-301F-11D3-BF4B-00C04F79EFBC}") = "HotelListing.Data", "HotelListing.Data\HotelListing.Data.csproj", "{007889D7-7873-4CC7-B644-BE97EBA82A65}"
EndProject
Project("{FAE04EC0-301F-11D3-BF4B-00C04F79EFBC}") = "HotelListing.Core", "HotelListing.Core\HotelListing.Core.csproj", "{FE06BB1F-4395-4305-A68E-C5222B84F901}"
EndProject
Global
	GlobalSection(SolutionConfigurationPlatforms) = preSolution
		Debug|Any CPU = Debug|Any CPU
		Release|Any CPU = Release|Any CPU
	EndGlobalSection
	GlobalSection(ProjectConfigurationPlatforms) = postSolution
		{22C0DB8B-51D1-4620-9E4A-04BF28852B31}.Debug|Any CPU.ActiveCfg = Debug|Any CPU
		{22C0DB8B-51D1-4620-9E4A-04BF28852B31}.Debug|Any CPU.Build.0 = Debug|Any CPU
		{22C0DB8B-51D1-4620-9E4A-04BF28852B31}.Release|Any CPU.ActiveCfg = Release|Any CPU
		{22C0DB8B-51D1-4620-9E4A-04BF28852B31}.Release|Any CPU.Build.0 = Release|Any CPU
		{007889D7-7873-4CC7-B644-BE97EBA82A65}.Debug|Any CPU.ActiveCfg = Debug|Any CPU
		{007889D7-7873-4CC7-B644-BE97EBA82A65}.Debug|Any CPU.Build.0 = Debug|Any CPU
		{007889D7-7873-4CC7-B644-BE97EBA82A65}.Release|Any CPU.ActiveCfg = Release|Any CPU
		{007889D7-7873-4CC7-B644-BE97EBA82A65}.Release|Any CPU.Build.0 = Release|Any CPU
		{FE06BB1F-4395-4305-A68E-C5222B84F901}.Debug|Any CPU.ActiveCfg = Debug|Any CPU
		{FE06BB1F-4395-4305-A68E-C5222B84F901}.Debug|Any CPU.Build.0 = Debug|Any CPU
		{FE06BB1F-4395-4305-A68E-C5222B84F901}.Release|Any CPU.ActiveCfg = Release|Any CPU
		{FE06BB1F-4395-4305-A68E-C5222B84F901}.Release|Any CPU.Build.0 = Release|Any CPU
	EndGlobalSection
	GlobalSection(SolutionProperties) = preSolution
		HideSolutionNode = FALSE
	EndGlobalSection
	GlobalSection(ExtensibilityGlobals) = postSolution
		SolutionGuid = {1884445F-6A2D-48C7-9D83-379A61B426FC}
	EndGlobalSection
EndGlobal
